
Microsoft Visual Studio Solution File, Format Version 12.00
# Visual Studio Version 17
VisualStudioVersion = 17.7.34221.43
MinimumVisualStudioVersion = 10.0.40219.1
Project("{FAE04EC0-301F-11D3-BF4B-00C04F79EFBC}") = "EOWorkerRegistryAPI", "EOWorkerRegistryAPI\EOWorkerRegistryAPI.csproj", "{51D06374-A4B2-4478-BC78-0A14A4458AAE}"
EndProject
Global
	GlobalSection(SolutionConfigurationPlatforms) = preSolution
		Debug|Any CPU = Debug|Any CPU
		Release|Any CPU = Release|Any CPU
	EndGlobalSection
	GlobalSection(ProjectConfigurationPlatforms) = postSolution
		{51D06374-A4B2-4478-BC78-0A14A4458AAE}.Debug|Any CPU.ActiveCfg = Debug|Any CPU
		{51D06374-A4B2-4478-BC78-0A14A4458AAE}.Debug|Any CPU.Build.0 = Debug|Any CPU
		{51D06374-A4B2-4478-BC78-0A14A4458AAE}.Release|Any CPU.ActiveCfg = Release|Any CPU
		{51D06374-A4B2-4478-BC78-0A14A4458AAE}.Release|Any CPU.Build.0 = Release|Any CPU
	EndGlobalSection
	GlobalSection(SolutionProperties) = preSolution
		HideSolutionNode = FALSE
	EndGlobalSection
	GlobalSection(ExtensibilityGlobals) = postSolution
		SolutionGuid = {14C59A63-B2B8-4551-87BA-ABEAFB1F5980}
	EndGlobalSection
EndGlobal
